
Microsoft Visual Studio Solution File, Format Version 12.00
# Visual Studio Version 16
VisualStudioVersion = 25.0.1706.8
MinimumVisualStudioVersion = 10.0.40219.1
Project("{FAE04EC0-301F-11D3-BF4B-00C04F79EFBC}") = "habittrackers_api", "habittrackers_api.csproj", "{0EA9563A-E4B8-4B60-8783-3BE26919A7B1}"
EndProject
Global
	GlobalSection(SolutionConfigurationPlatforms) = preSolution
		Debug|Any CPU = Debug|Any CPU
		Release|Any CPU = Release|Any CPU
	EndGlobalSection
	GlobalSection(ProjectConfigurationPlatforms) = postSolution
		{0EA9563A-E4B8-4B60-8783-3BE26919A7B1}.Debug|Any CPU.ActiveCfg = Debug|Any CPU
		{0EA9563A-E4B8-4B60-8783-3BE26919A7B1}.Debug|Any CPU.Build.0 = Debug|Any CPU
		{0EA9563A-E4B8-4B60-8783-3BE26919A7B1}.Release|Any CPU.ActiveCfg = Release|Any CPU
		{0EA9563A-E4B8-4B60-8783-3BE26919A7B1}.Release|Any CPU.Build.0 = Release|Any CPU
	EndGlobalSection
	GlobalSection(SolutionProperties) = preSolution
		HideSolutionNode = FALSE
	EndGlobalSection
	GlobalSection(ExtensibilityGlobals) = postSolution
		SolutionGuid = {4F526C1E-92CE-4BC3-A94A-52C53511B2DC}
	EndGlobalSection
EndGlobal
